{
    "_readme": [
        "This file locks the dependencies of your project to a known state",
        "Read more about it at https://getcomposer.org/doc/01-basic-usage.md#installing-dependencies",
        "This file is @generated automatically"
    ],
    "content-hash": "627e399cd5a4368c06cf8cd13bd6f9db",
    "packages": [
        {
            "name": "payload-interop/payload-interop",
            "version": "1.0.0",
            "source": {
                "type": "git",
                "url": "https://github.com/payload-interop/payload-interop.git",
                "reference": "c13921e6f81365e808c86c00484c3e03c8b2c0f5"
            },
            "dist": {
                "type": "zip",
                "url": "https://api.github.com/repos/payload-interop/payload-interop/zipball/c13921e6f81365e808c86c00484c3e03c8b2c0f5",
                "reference": "c13921e6f81365e808c86c00484c3e03c8b2c0f5",
                "shasum": ""
            },
            "type": "library",
            "autoload": {
                "psr-4": {
                    "PayloadInterop\\": "src/"
                }
            },
            "notification-url": "https://packagist.org/downloads/",
            "license": [
                "MIT"
            ],
            "description": "An interoperable Domain Payload Object specification.",
            "support": {
                "issues": "https://github.com/payload-interop/payload-interop/issues",
                "source": "https://github.com/payload-interop/payload-interop/tree/1.0.0"
            },
            "time": "2020-02-10T13:41:16+00:00"
        },
        {
            "name": "pmjones/auto-route",
            "version": "1.1.0",
            "source": {
                "type": "git",
                "url": "https://github.com/pmjones/AutoRoute.git",
                "reference": "85f20e8d6025c92783d3aee408e7e8b17ad05ebe"
            },
            "dist": {
                "type": "zip",
                "url": "https://api.github.com/repos/pmjones/AutoRoute/zipball/85f20e8d6025c92783d3aee408e7e8b17ad05ebe",
                "reference": "85f20e8d6025c92783d3aee408e7e8b17ad05ebe",
                "shasum": ""
            },
            "require": {
                "php": ">=7.2.0"
            },
            "require-dev": {
                "pds/skeleton": "^1.0",
                "phpunit/phpunit": "^8.0"
            },
            "bin": [
                "bin/autoroute-dump.php"
            ],
            "type": "library",
            "autoload": {
                "psr-4": {
                    "AutoRoute\\": "src/"
                }
            },
            "notification-url": "https://packagist.org/downloads/",
            "license": [
                "MIT"
            ],
            "description": "Automatically routes HTTP request to action classes.",
            "homepage": "http://github.com/pmjones/auto-route",
            "keywords": [
                "action",
                "adr",
                "route",
                "router",
                "routing"
            ],
            "support": {
                "issues": "https://github.com/pmjones/AutoRoute/issues",
                "source": "https://github.com/pmjones/AutoRoute/tree/1.1.0"
            },
            "time": "2019-12-30T18:09:40+00:00"
        },
        {
            "name": "psr/http-message",
            "version": "1.0.1",
            "source": {
                "type": "git",
                "url": "https://github.com/php-fig/http-message.git",
                "reference": "f6561bf28d520154e4b0ec72be95418abe6d9363"
            },
            "dist": {
                "type": "zip",
                "url": "https://api.github.com/repos/php-fig/http-message/zipball/f6561bf28d520154e4b0ec72be95418abe6d9363",
                "reference": "f6561bf28d520154e4b0ec72be95418abe6d9363",
                "shasum": ""
            },
            "require": {
                "php": ">=5.3.0"
            },
            "type": "library",
            "extra": {
                "branch-alias": {
                    "dev-master": "1.0.x-dev"
                }
            },
            "autoload": {
                "psr-4": {
                    "Psr\\Http\\Message\\": "src/"
                }
            },
            "notification-url": "https://packagist.org/downloads/",
            "license": [
                "MIT"
            ],
            "authors": [
                {
                    "name": "PHP-FIG",
                    "homepage": "http://www.php-fig.org/"
                }
            ],
            "description": "Common interface for HTTP messages",
            "homepage": "https://github.com/php-fig/http-message",
            "keywords": [
                "http",
                "http-message",
                "psr",
                "psr-7",
                "request",
                "response"
            ],
            "support": {
                "source": "https://github.com/php-fig/http-message/tree/master"
            },
            "time": "2016-08-06T14:39:51+00:00"
        },
        {
            "name": "r0mdau/jisly",
            "version": "2.0.0",
            "source": {
                "type": "git",
                "url": "https://github.com/r0mdau/jisly.git",
                "reference": "5558184d96306c54fe1ae3f5673880d588194dd3"
            },
            "dist": {
                "type": "zip",
                "url": "https://api.github.com/repos/r0mdau/jisly/zipball/5558184d96306c54fe1ae3f5673880d588194dd3",
                "reference": "5558184d96306c54fe1ae3f5673880d588194dd3",
                "shasum": ""
            },
            "require": {
                "php": ">=7.2"
            },
            "require-dev": {
                "malukenho/docheader": "^0.1.7",
                "phpstan/phpstan": "^0.9.2",
                "phpstan/phpstan-strict-rules": "^0.9.0",
                "phpunit/phpunit": "^7.0",
                "satooshi/php-coveralls": "^2.0",
                "squizlabs/php_codesniffer": "^3.2"
            },
            "type": "library",
            "autoload": {
                "psr-4": {
                    "Jisly\\": "src/"
                }
            },
            "notification-url": "https://packagist.org/downloads/",
            "license": [
                "Apache-2.0"
            ],
            "description": "Light NoSQL database, JSON file data storing",
            "homepage": "https://github.com/r0mdau/jisly",
            "support": {
                "issues": "https://github.com/r0mdau/jisly/issues",
                "source": "https://github.com/r0mdau/jisly/tree/2.0.0"
            },
            "time": "2018-03-24T10:45:58+00:00"
        },
        {
            "name": "tmarois/filebase",
            "version": "v1.0.24",
            "source": {
                "type": "git",
                "url": "https://github.com/tmarois/Filebase.git",
                "reference": "b660650472362e45f78d97cb395f09889196d164"
            },
            "dist": {
                "type": "zip",
                "url": "https://api.github.com/repos/tmarois/Filebase/zipball/b660650472362e45f78d97cb395f09889196d164",
                "reference": "b660650472362e45f78d97cb395f09889196d164",
                "shasum": ""
            },
            "require": {
                "php": ">=5.6"
            },
            "require-dev": {
                "php-coveralls/php-coveralls": "^2.0",
                "phpunit/phpunit": "5.*",
                "symfony/yaml": "^3.4"
            },
            "suggest": {
                "symfony/yaml": "Allows Yaml format"
            },
            "type": "package",
            "autoload": {
                "psr-4": {
                    "Filebase\\": "src/"
                }
            },
            "notification-url": "https://packagist.org/downloads/",
            "authors": [
                {
                    "name": "Timothy Marois",
                    "email": "timothymarois@gmail.com"
                }
            ],
            "description": "A Simple but Powerful Flat File Database Storage.",
            "homepage": "https://github.com/filebase/Filebase",
            "keywords": [
                "database",
                "document",
                "file",
                "file-files",
                "filebase",
                "flat",
                "flat-file",
                "key-value",
                "serverless"
            ],
            "support": {
                "issues": "https://github.com/tmarois/Filebase/issues",
                "source": "https://github.com/tmarois/Filebase/tree/v1.0.24"
            },
            "time": "2019-02-24T22:55:23+00:00"
        }
    ],
    "packages-dev": [],
    "aliases": [],
    "minimum-stability": "stable",
    "stability-flags": [],
    "prefer-stable": false,
    "prefer-lowest": false,
    "platform": [],
    "platform-dev": [],
    "plugin-api-version": "2.0.0"
}
